
Microsoft Visual Studio Solution File, Format Version 12.00
# Visual Studio Version 17
VisualStudioVersion = 17.3.32929.385
MinimumVisualStudioVersion = 10.0.40219.1
Project("{FAE04EC0-301F-11D3-BF4B-00C04F79EFBC}") = "26.10.2022", "26.10.2022\26.10.2022.csproj", "{5AFA30D7-C93E-40BF-B3CB-2DA3F3B3431D}"
EndProject
Project("{FAE04EC0-301F-11D3-BF4B-00C04F79EFBC}") = "OOP_Giris", "OOP_Giris\OOP_Giris.csproj", "{FB09961E-F2ED-4B4A-BFA7-AAC5E36F04E9}"
EndProject
Project("{FAE04EC0-301F-11D3-BF4B-00C04F79EFBC}") = "String_Metodlar", "String_Metodlar\String_Metodlar.csproj", "{69580BDD-B6BC-47DA-A449-BB878927E091}"
EndProject
Global
	GlobalSection(SolutionConfigurationPlatforms) = preSolution
		Debug|Any CPU = Debug|Any CPU
		Release|Any CPU = Release|Any CPU
	EndGlobalSection
	GlobalSection(ProjectConfigurationPlatforms) = postSolution
		{5AFA30D7-C93E-40BF-B3CB-2DA3F3B3431D}.Debug|Any CPU.ActiveCfg = Debug|Any CPU
		{5AFA30D7-C93E-40BF-B3CB-2DA3F3B3431D}.Debug|Any CPU.Build.0 = Debug|Any CPU
		{5AFA30D7-C93E-40BF-B3CB-2DA3F3B3431D}.Release|Any CPU.ActiveCfg = Release|Any CPU
		{5AFA30D7-C93E-40BF-B3CB-2DA3F3B3431D}.Release|Any CPU.Build.0 = Release|Any CPU
		{FB09961E-F2ED-4B4A-BFA7-AAC5E36F04E9}.Debug|Any CPU.ActiveCfg = Debug|Any CPU
		{FB09961E-F2ED-4B4A-BFA7-AAC5E36F04E9}.Debug|Any CPU.Build.0 = Debug|Any CPU
		{FB09961E-F2ED-4B4A-BFA7-AAC5E36F04E9}.Release|Any CPU.ActiveCfg = Release|Any CPU
		{FB09961E-F2ED-4B4A-BFA7-AAC5E36F04E9}.Release|Any CPU.Build.0 = Release|Any CPU
		{69580BDD-B6BC-47DA-A449-BB878927E091}.Debug|Any CPU.ActiveCfg = Debug|Any CPU
		{69580BDD-B6BC-47DA-A449-BB878927E091}.Debug|Any CPU.Build.0 = Debug|Any CPU
		{69580BDD-B6BC-47DA-A449-BB878927E091}.Release|Any CPU.ActiveCfg = Release|Any CPU
		{69580BDD-B6BC-47DA-A449-BB878927E091}.Release|Any CPU.Build.0 = Release|Any CPU
	EndGlobalSection
	GlobalSection(SolutionProperties) = preSolution
		HideSolutionNode = FALSE
	EndGlobalSection
	GlobalSection(ExtensibilityGlobals) = postSolution
		SolutionGuid = {05114EA7-F1F7-47CC-95E7-38938A1EF1A8}
	EndGlobalSection
EndGlobal
